{
  "version": "5",
  "specifiers": {
    "jsr:@deno/installer-shell-setup@*": "0.3.4",
    "npm:eventsource@^4.1.0": "4.1.0"
  },
  "jsr": {
    "@deno/installer-shell-setup@0.3.4": {
      "integrity": "48665d1a737d487cce6874bc97bba70a5aeffa7053aca3f60df93c6fab8963b4"
    }
  },
  "npm": {
    "eventsource-parser@3.1.0": {
      "integrity": "sha512-kJezFj9YFAMLeORyi7aCLxLbD5/qWMQnoMVlVPyHIll7lgRJCc3JVln9Vgl9nwQi0YkMnhdGTMNn7CkRRAptMg=="
    },
    "eventsource@4.1.0": {
      "integrity": "sha512-2GuF51iuHX6A9xdTccMTsNb7VO0lHZihApxhvQzJB5A03DvHDd2FQepodbMaztPBmBcE/ox7o2gqaxGhYB9LhQ==",
      "dependencies": [
        "eventsource-parser"
      ]
    }
  },
  "workspace": {
    "packageJson": {
      "dependencies": [
        "npm:eventsource@^4.1.0"
      ]
    }
  }
}
